
Microsoft Visual Studio Solution File, Format Version 12.00
# Visual Studio Version 16
VisualStudioVersion = 16.0.29509.3
MinimumVisualStudioVersion = 10.0.40219.1
Project("{FAE04EC0-301F-11D3-BF4B-00C04F79EFBC}") = "SailingWeb", "SailingWeb\SailingWeb.csproj", "{7DD0E8BF-48B8-4E17-BEBA-9932FDF897EE}"
EndProject
Project("{FAE04EC0-301F-11D3-BF4B-00C04F79EFBC}") = "SailingWeb.Data", "SailingWeb.Data\SailingWeb.Data.csproj", "{3309F438-4D70-43D6-A1FB-F6F6E68281DB}"
EndProject
Global
	GlobalSection(SolutionConfigurationPlatforms) = preSolution
		Debug|Any CPU = Debug|Any CPU
		Release|Any CPU = Release|Any CPU
	EndGlobalSection
	GlobalSection(ProjectConfigurationPlatforms) = postSolution
		{7DD0E8BF-48B8-4E17-BEBA-9932FDF897EE}.Debug|Any CPU.ActiveCfg = Debug|Any CPU
		{7DD0E8BF-48B8-4E17-BEBA-9932FDF897EE}.Debug|Any CPU.Build.0 = Debug|Any CPU
		{7DD0E8BF-48B8-4E17-BEBA-9932FDF897EE}.Release|Any CPU.ActiveCfg = Release|Any CPU
		{7DD0E8BF-48B8-4E17-BEBA-9932FDF897EE}.Release|Any CPU.Build.0 = Release|Any CPU
		{3309F438-4D70-43D6-A1FB-F6F6E68281DB}.Debug|Any CPU.ActiveCfg = Debug|Any CPU
		{3309F438-4D70-43D6-A1FB-F6F6E68281DB}.Debug|Any CPU.Build.0 = Debug|Any CPU
		{3309F438-4D70-43D6-A1FB-F6F6E68281DB}.Release|Any CPU.ActiveCfg = Release|Any CPU
		{3309F438-4D70-43D6-A1FB-F6F6E68281DB}.Release|Any CPU.Build.0 = Release|Any CPU
	EndGlobalSection
	GlobalSection(SolutionProperties) = preSolution
		HideSolutionNode = FALSE
	EndGlobalSection
	GlobalSection(ExtensibilityGlobals) = postSolution
		SolutionGuid = {BEAFAAEE-8D15-48CD-8176-CF1AC289CDB0}
	EndGlobalSection
EndGlobal
